
Microsoft Visual Studio Solution File, Format Version 12.00
# Visual Studio Version 16
VisualStudioVersion = 16.0.30611.23
MinimumVisualStudioVersion = 10.0.40219.1
Project("{9A19103F-16F7-4668-BE54-9A1E7A4F7556}") = "CommonLibraries.Core.Web", "CommonLibraries.Core.Web\CommonLibraries.Core.Web.csproj", "{03BCF829-7DEF-423A-82C0-58776EABA480}"
EndProject
Project("{9A19103F-16F7-4668-BE54-9A1E7A4F7556}") = "CommonLibraries.Core.Web.Tests", "CommonLibraries.Core.Web.Tests\CommonLibraries.Core.Web.Tests.csproj", "{F1041554-A8CD-4FF0-B612-724053EA6125}"
EndProject
Global
	GlobalSection(SolutionConfigurationPlatforms) = preSolution
		Debug|Any CPU = Debug|Any CPU
		Release|Any CPU = Release|Any CPU
	EndGlobalSection
	GlobalSection(ProjectConfigurationPlatforms) = postSolution
		{03BCF829-7DEF-423A-82C0-58776EABA480}.Debug|Any CPU.ActiveCfg = Debug|Any CPU
		{03BCF829-7DEF-423A-82C0-58776EABA480}.Debug|Any CPU.Build.0 = Debug|Any CPU
		{03BCF829-7DEF-423A-82C0-58776EABA480}.Release|Any CPU.ActiveCfg = Release|Any CPU
		{03BCF829-7DEF-423A-82C0-58776EABA480}.Release|Any CPU.Build.0 = Release|Any CPU
		{F1041554-A8CD-4FF0-B612-724053EA6125}.Debug|Any CPU.ActiveCfg = Debug|Any CPU
		{F1041554-A8CD-4FF0-B612-724053EA6125}.Debug|Any CPU.Build.0 = Debug|Any CPU
		{F1041554-A8CD-4FF0-B612-724053EA6125}.Release|Any CPU.ActiveCfg = Release|Any CPU
		{F1041554-A8CD-4FF0-B612-724053EA6125}.Release|Any CPU.Build.0 = Release|Any CPU
	EndGlobalSection
	GlobalSection(SolutionProperties) = preSolution
		HideSolutionNode = FALSE
	EndGlobalSection
	GlobalSection(ExtensibilityGlobals) = postSolution
		SolutionGuid = {9E32565D-2D77-46D5-A86D-CA234F0F20AE}
	EndGlobalSection
EndGlobal
